
Microsoft Visual Studio Solution File, Format Version 12.00
# Visual Studio Version 17
VisualStudioVersion = 17.2.32616.157
MinimumVisualStudioVersion = 10.0.40219.1
Project("{FAE04EC0-301F-11D3-BF4B-00C04F79EFBC}") = "Projecto treinamento C Sharp", "Projecto treinamento C Sharp\Projecto treinamento C Sharp.csproj", "{938B31F1-1C88-460B-9888-85B5EC1DCFAB}"
EndProject
Global
	GlobalSection(SolutionConfigurationPlatforms) = preSolution
		Debug|Any CPU = Debug|Any CPU
		Release|Any CPU = Release|Any CPU
	EndGlobalSection
	GlobalSection(ProjectConfigurationPlatforms) = postSolution
		{938B31F1-1C88-460B-9888-85B5EC1DCFAB}.Debug|Any CPU.ActiveCfg = Debug|Any CPU
		{938B31F1-1C88-460B-9888-85B5EC1DCFAB}.Debug|Any CPU.Build.0 = Debug|Any CPU
		{938B31F1-1C88-460B-9888-85B5EC1DCFAB}.Release|Any CPU.ActiveCfg = Release|Any CPU
		{938B31F1-1C88-460B-9888-85B5EC1DCFAB}.Release|Any CPU.Build.0 = Release|Any CPU
	EndGlobalSection
	GlobalSection(SolutionProperties) = preSolution
		HideSolutionNode = FALSE
	EndGlobalSection
	GlobalSection(ExtensibilityGlobals) = postSolution
		SolutionGuid = {FBEB5F98-CDDB-4622-8336-DF2637E6EEBB}
	EndGlobalSection
EndGlobal
